
Microsoft Visual Studio Solution File, Format Version 12.00
# Visual Studio 15
Project("{FAE04EC0-301F-11D3-BF4B-00C04F79EFBC}") = "Assembly-CSharp", "Assembly-CSharp.csproj", "{40143687-6E48-3430-F435-5B52999DA46A}"
EndProject
Project("{FAE04EC0-301F-11D3-BF4B-00C04F79EFBC}") = "Assembly-CSharp-firstpass", "Assembly-CSharp-firstpass.csproj", "{A4504B84-128C-5618-753F-903C4D3ABAB2}"
EndProject
Project("{FAE04EC0-301F-11D3-BF4B-00C04F79EFBC}") = "Assembly-CSharp-Editor", "Assembly-CSharp-Editor.csproj", "{3225AECC-029C-BFCC-C4DD-B84D0CCAF4EA}"
EndProject
Global
	GlobalSection(SolutionConfigurationPlatforms) = preSolution
		Debug|Any CPU = Debug|Any CPU
		Release|Any CPU = Release|Any CPU
	EndGlobalSection
	GlobalSection(ProjectConfigurationPlatforms) = postSolution
		{40143687-6E48-3430-F435-5B52999DA46A}.Debug|Any CPU.ActiveCfg = Debug|Any CPU
		{40143687-6E48-3430-F435-5B52999DA46A}.Debug|Any CPU.Build.0 = Debug|Any CPU
		{40143687-6E48-3430-F435-5B52999DA46A}.Release|Any CPU.ActiveCfg = Release|Any CPU
		{40143687-6E48-3430-F435-5B52999DA46A}.Release|Any CPU.Build.0 = Release|Any CPU
		{A4504B84-128C-5618-753F-903C4D3ABAB2}.Debug|Any CPU.ActiveCfg = Debug|Any CPU
		{A4504B84-128C-5618-753F-903C4D3ABAB2}.Debug|Any CPU.Build.0 = Debug|Any CPU
		{A4504B84-128C-5618-753F-903C4D3ABAB2}.Release|Any CPU.ActiveCfg = Release|Any CPU
		{A4504B84-128C-5618-753F-903C4D3ABAB2}.Release|Any CPU.Build.0 = Release|Any CPU
		{3225AECC-029C-BFCC-C4DD-B84D0CCAF4EA}.Debug|Any CPU.ActiveCfg = Debug|Any CPU
		{3225AECC-029C-BFCC-C4DD-B84D0CCAF4EA}.Debug|Any CPU.Build.0 = Debug|Any CPU
		{3225AECC-029C-BFCC-C4DD-B84D0CCAF4EA}.Release|Any CPU.ActiveCfg = Release|Any CPU
		{3225AECC-029C-BFCC-C4DD-B84D0CCAF4EA}.Release|Any CPU.Build.0 = Release|Any CPU
	EndGlobalSection
	GlobalSection(SolutionProperties) = preSolution
		HideSolutionNode = FALSE
	EndGlobalSection
EndGlobal
